schema: '2.0'
stages:
  stage_01:
    cmd: python stage_01.py
    deps:
    - path: stage_01.py
      hash: md5
      md5: ec8d8c2f1f9d331f7e043cd6f87994bd
      size: 92
    outs:
    - path: artifact.txt
      hash: md5
      md5: 7418eaeaf8596f8aff2f0df8afbf129a
      size: 38
  stage_02:
    cmd: python stage_02.py
    deps:
    - path: artifact.txt
      hash: md5
      md5: aed9ddba5e2f358e72787a613869d151
      size: 59
    - path: stage_02.py
      hash: md5
      md5: ece91fc88541aeb1cdea8c9a0bd08f51
      size: 150
  stage_03:
    cmd: python stage_03.py
    deps:
    - path: artifact.txt
      hash: md5
      md5: aed9ddba5e2f358e72787a613869d151
      size: 59
    - path: stage_03.py
      hash: md5
      md5: cbe1d0ad29ac45b01e7fe35f6f03e246
      size: 157
